
Microsoft Visual Studio Solution File, Format Version 12.00
# Visual Studio Version 16
VisualStudioVersion = 16.0.31321.278
MinimumVisualStudioVersion = 10.0.40219.1
Project("{FAE04EC0-301F-11D3-BF4B-00C04F79EFBC}") = "Inheritance_Houston_Morgan", "Inheritance_Houston_Morgan.csproj", "{4B371C00-9672-436A-B9E9-A55904492B39}"
EndProject
Global
	GlobalSection(SolutionConfigurationPlatforms) = preSolution
		Debug|Any CPU = Debug|Any CPU
		Release|Any CPU = Release|Any CPU
	EndGlobalSection
	GlobalSection(ProjectConfigurationPlatforms) = postSolution
		{4B371C00-9672-436A-B9E9-A55904492B39}.Debug|Any CPU.ActiveCfg = Debug|Any CPU
		{4B371C00-9672-436A-B9E9-A55904492B39}.Debug|Any CPU.Build.0 = Debug|Any CPU
		{4B371C00-9672-436A-B9E9-A55904492B39}.Release|Any CPU.ActiveCfg = Release|Any CPU
		{4B371C00-9672-436A-B9E9-A55904492B39}.Release|Any CPU.Build.0 = Release|Any CPU
	EndGlobalSection
	GlobalSection(SolutionProperties) = preSolution
		HideSolutionNode = FALSE
	EndGlobalSection
	GlobalSection(ExtensibilityGlobals) = postSolution
		SolutionGuid = {C360921A-C63C-484A-8926-D8B80B49038C}
	EndGlobalSection
EndGlobal
